blinker==1.9.0 --hash=sha256:ba0efaa9080b619ff2f3459d1d500c57bddea4a6b424b60a91141db6fd2f08bc
certifi==2026.7.22 --hash=sha256:62f22742b58a1a33014a2b6b706588a8d7e2a88ae7bd1a6ebe8c992928483775
charset-normalizer==3.5.1 --hash=sha256:c7b742bf31c88566b4bb6335a7f393bb322e580b6bb98df7bd0c25e6e3519ce8
click==8.4.2 --hash=sha256:e6f9f66136c816745b9d65817da91d61d957fb16e02e4dcd0552553c5a197b76
essentia==2.1b6.dev1389 --hash=sha256:59925891f222f8c68575e84f4109973084db2a2df0ab7a73d69c3f592fc45971
flask==3.1.3 --hash=sha256:f4bcbefc124291925f1a26446da31a5178f9483862233b23c0c96a20701f670c
gunicorn==26.2.0 --hash=sha256:bd249d0b3f7972f7432f0a6b6ff3b3ee2d129f70cd1ff6c09a9dd9e29a2b88e3
idna==3.19 --hash=sha256:815e7be7a7806d54abb586dc943addc79e8b2ee16915059658cbeff4b1b43bf4
itsdangerous==2.2.0 --hash=sha256:c6242fc49e35958c8b15141343aa660db5fc54d4f13a1db01a3f5891b98700ef
jinja2==3.1.6 --hash=sha256:85ece4451f492d0c13c5dd7c13a64681a86afae63a5f347908daf103ce6d2f67
markupsafe==3.0.3 --hash=sha256:0bf2a864d67e76e5c9a34dc26ec616a66b9888e25e7b9460e1c76d3293bd9dbf
mutagen==1.48.1 --hash=sha256:4f077fe87d3fc7fba259aa63d8c026b18382ca6a42ef37c61e16f1b1b5b82fe7
numpy==2.4.6 --hash=sha256:89cd468399cfd2504718f0ba50e410dca55a170b61a02ad92bb18c8a65186e93
pyyaml==6.0.3 --hash=sha256:b8bb0864c5a28024fac8a632c443c87c5aa6f215c0b126c449ae1a150412f31d
requests==2.34.2 --hash=sha256:2a0d60c172f83ac6ab31e4554906c0f3b3588d37b5cb939b1c061f4907e278e0
six==1.17.0 --hash=sha256:4721f391ed90541fddacab5acf947aa0d3dc7d27b2e1e8eda2be8970586c3274
urllib3==2.7.0 --hash=sha256:9fb4c81ebbb1ce9531cce37674bbc6f1360472bc18ca9a553ede278ef7276897
werkzeug==3.1.8 --hash=sha256:63a77fb8892bf28ebc3178683445222aa500e48ebad5ec77b0ad80f8726b1f50
yt-dlp==2026.8.19 --hash=sha256:1d57897e94c6665a0a6f9bc54b34e584284e32c034ffab3a7df25d8f7b24eedf
